
Microsoft Visual Studio Solution File, Format Version 12.00
# Visual Studio Version 17
VisualStudioVersion = 17.7.34221.43
MinimumVisualStudioVersion = 10.0.40219.1
Project("{FAE04EC0-301F-11D3-BF4B-00C04F79EFBC}") = "call-graph", "call-graph.csproj", "{7F098BE2-C363-4AA6-988D-E6CE1D9E60CC}"
EndProject
Global
	GlobalSection(SolutionConfigurationPlatforms) = preSolution
		Debug|Any CPU = Debug|Any CPU
		Release|Any CPU = Release|Any CPU
	EndGlobalSection
	GlobalSection(ProjectConfigurationPlatforms) = postSolution
		{7F098BE2-C363-4AA6-988D-E6CE1D9E60CC}.Debug|Any CPU.ActiveCfg = Debug|Any CPU
		{7F098BE2-C363-4AA6-988D-E6CE1D9E60CC}.Debug|Any CPU.Build.0 = Debug|Any CPU
		{7F098BE2-C363-4AA6-988D-E6CE1D9E60CC}.Release|Any CPU.ActiveCfg = Release|Any CPU
		{7F098BE2-C363-4AA6-988D-E6CE1D9E60CC}.Release|Any CPU.Build.0 = Release|Any CPU
	EndGlobalSection
	GlobalSection(SolutionProperties) = preSolution
		HideSolutionNode = FALSE
	EndGlobalSection
	GlobalSection(ExtensibilityGlobals) = postSolution
		SolutionGuid = {E33365E5-55EB-42ED-A569-F8A9DFC8BEA7}
	EndGlobalSection
EndGlobal
